// !$*UTF8*$!
{
	archiveVersion = 1;
	classes = {
	};
	objectVersion = 56;
	objects = {

/* Begin PBXBuildFile section */
		CE4603A02BF0AF89009233E6 /* TabBarButtons.swift in Sources */ = {isa = PBXBuildFile; fileRef = CE46039F2BF0AF89009233E6 /* TabBarButtons.swift */; };
		CE6D47CF2BEF761200CA2897 /* MainTabBar.swift in Sources */ = {isa = PBXBuildFile; fileRef = CE6D47CE2BEF761200CA2897 /* MainTabBar.swift */; };
		CE6D47E02BEF7BED00CA2897 /* ProfileView.swift in Sources */ = {isa = PBXBuildFile; fileRef = CE6D47DF2BEF7BED00CA2897 /* ProfileView.swift */; };
		CE6D47E22BEF7C3700CA2897 /* ChatView.swift in Sources */ = {isa = PBXBuildFile; fileRef = CE6D47E12BEF7C3700CA2897 /* ChatView.swift */; };
		CE6D47E42BEF7C6200CA2897 /* BroadCastView.swift in Sources */ = {isa = PBXBuildFile; fileRef = CE6D47E32BEF7C6200CA2897 /* BroadCastView.swift */; };
		CE6D47E62BEF7C8100CA2897 /* HomeView.swift in Sources */ = {isa = PBXBuildFile; fileRef = CE6D47E52BEF7C8100CA2897 /* HomeView.swift */; };
		CE85B60C2BE955AC00218394 /* TimeShiftApp.swift in Sources */ = {isa = PBXBuildFile; fileRef = CE85B60B2BE955AC00218394 /* TimeShiftApp.swift */; };
		CE85B60E2BE955AC00218394 /* ContentView.swift in Sources */ = {isa = PBXBuildFile; fileRef = CE85B60D2BE955AC00218394 /* ContentView.swift */; };
		CE85B6102BE955AE00218394 /* Assets.xcassets in Resources */ = {isa = PBXBuildFile; fileRef = CE85B60F2BE955AE00218394 /* Assets.xcassets */; };
		CE85B6132BE955AE00218394 /* Preview Assets.xcassets in Resources */ = {isa = PBXBuildFile; fileRef = CE85B6122BE955AE00218394 /* Preview Assets.xcassets */; };
/* End PBXBuildFile section */

/* Begin PBXFileReference section */
		CE46039F2BF0AF89009233E6 /* TabBarButtons.swift */ = {isa = PBXFileReference; lastKnownFileType = sourcecode.swift; path = TabBarButtons.swift; sourceTree = "<group>"; };
		CE6D47CE2BEF761200CA2897 /* MainTabBar.swift */ = {isa = PBXFileReference; lastKnownFileType = sourcecode.swift; path = MainTabBar.swift; sourceTree = "<group>"; };
		CE6D47DF2BEF7BED00CA2897 /* ProfileView.swift */ = {isa = PBXFileReference; lastKnownFileType = sourcecode.swift; path = ProfileView.swift; sourceTree = "<group>"; };
		CE6D47E12BEF7C3700CA2897 /* ChatView.swift */ = {isa = PBXFileReference; lastKnownFileType = sourcecode.swift; path = ChatView.swift; sourceTree = "<group>"; };
		CE6D47E32BEF7C6200CA2897 /* BroadCastView.swift */ = {isa = PBXFileReference; lastKnownFileType = sourcecode.swift; path = BroadCastView.swift; sourceTree = "<group>"; };
		CE6D47E52BEF7C8100CA2897 /* HomeView.swift */ = {isa = PBXFileReference; lastKnownFileType = sourcecode.swift; path = HomeView.swift; sourceTree = "<group>"; };
		CE85B6082BE955AC00218394 /* TimeShift.app */ = {isa = PBXFileReference; explicitFileType = wrapper.application; includeInIndex = 0; path = TimeShift.app; sourceTree = BUILT_PRODUCTS_DIR; };
		CE85B60B2BE955AC00218394 /* TimeShiftApp.swift */ = {isa = PBXFileReference; lastKnownFileType = sourcecode.swift; path = TimeShiftApp.swift; sourceTree = "<group>"; };
		CE85B60D2BE955AC00218394 /* ContentView.swift */ = {isa = PBXFileReference; lastKnownFileType = sourcecode.swift; path = ContentView.swift; sourceTree = "<group>"; };
		CE85B60F2BE955AE00218394 /* Assets.xcassets */ = {isa = PBXFileReference; lastKnownFileType = folder.assetcatalog; path = Assets.xcassets; sourceTree = "<group>"; };
		CE85B6122BE955AE00218394 /* Preview Assets.xcassets */ = {isa = PBXFileReference; lastKnownFileType = folder.assetcatalog; path = "Preview Assets.xcassets"; sourceTree = "<group>"; };
/* End PBXFileReference section */

/* Begin PBXFrameworksBuildPhase section */
		CE85B6052BE955AC00218394 /* Frameworks */ = {
			isa = PBXFrameworksBuildPhase;
			buildActionMask = 2147483647;
			files = (
			);
			runOnlyForDeploymentPostprocessing = 0;
		};
/* End PBXFrameworksBuildPhase section */

/* Begin PBXGroup section */
		CE46039C2BF0AE30009233E6 /* BazarUiKit */ = {
			isa = PBXGroup;
			children = (
				CE46039F2BF0AF89009233E6 /* TabBarButtons.swift */,
			);
			path = BazarUiKit;
			sourceTree = "<group>";
		};
		CE6D47D02BEF769300CA2897 /* View */ = {
			isa = PBXGroup;
			children = (
				CE6D47D62BEF7AAA00CA2897 /* Profile */,
				CE6D47D52BEF7A8C00CA2897 /* Chat */,
				CE6D47D42BEF79D700CA2897 /* BroadCast */,
				CE6D47D32BEF76F000CA2897 /* Home */,
			);
			path = View;
			sourceTree = "<group>";
		};
		CE6D47D12BEF76AE00CA2897 /* ViewModel */ = {
			isa = PBXGroup;
			children = (
				CE6D47DA2BEF7B3200CA2897 /* Home */,
				CE6D47D92BEF7B1800CA2897 /* BroadCast */,
				CE6D47D82BEF7B0500CA2897 /* Chat */,
				CE6D47D72BEF7AE300CA2897 /* Profile */,
			);
			path = ViewModel;
			sourceTree = "<group>";
		};
		CE6D47D22BEF76C900CA2897 /* Model */ = {
			isa = PBXGroup;
			children = (
				CE6D47DE2BEF7BA100CA2897 /* Profile */,
				CE6D47DD2BEF7B8E00CA2897 /* BroadCast */,
				CE6D47DC2BEF7B8100CA2897 /* Chat */,
				CE6D47DB2BEF7B6F00CA2897 /* Home */,
			);
			path = Model;
			sourceTree = "<group>";
		};
		CE6D47D32BEF76F000CA2897 /* Home */ = {
			isa = PBXGroup;
			children = (
				CE6D47E52BEF7C8100CA2897 /* HomeView.swift */,
			);
			path = Home;
			sourceTree = "<group>";
		};
		CE6D47D42BEF79D700CA2897 /* BroadCast */ = {
			isa = PBXGroup;
			children = (
				CE6D47E32BEF7C6200CA2897 /* BroadCastView.swift */,
			);
			path = BroadCast;
			sourceTree = "<group>";
		};
		CE6D47D52BEF7A8C00CA2897 /* Chat */ = {
			isa = PBXGroup;
			children = (
				CE6D47E12BEF7C3700CA2897 /* ChatView.swift */,
			);
			path = Chat;
			sourceTree = "<group>";
		};
		CE6D47D62BEF7AAA00CA2897 /* Profile */ = {
			isa = PBXGroup;
			children = (
				CE6D47DF2BEF7BED00CA2897 /* ProfileView.swift */,
			);
			path = Profile;
			sourceTree = "<group>";
		};
		CE6D47D72BEF7AE300CA2897 /* Profile */ = {
			isa = PBXGroup;
			children = (
			);
			path = Profile;
			sourceTree = "<group>";
		};
		CE6D47D82BEF7B0500CA2897 /* Chat */ = {
			isa = PBXGroup;
			children = (
			);
			path = Chat;
			sourceTree = "<group>";
		};
		CE6D47D92BEF7B1800CA2897 /* BroadCast */ = {
			isa = PBXGroup;
			children = (
			);
			path = BroadCast;
			sourceTree = "<group>";
		};
		CE6D47DA2BEF7B3200CA2897 /* Home */ = {
			isa = PBXGroup;
			children = (
			);
			path = Home;
			sourceTree = "<group>";
		};
		CE6D47DB2BEF7B6F00CA2897 /* Home */ = {
			isa = PBXGroup;
			children = (
			);
			path = Home;
			sourceTree = "<group>";
		};
		CE6D47DC2BEF7B8100CA2897 /* Chat */ = {
			isa = PBXGroup;
			children = (
			);
			path = Chat;
			sourceTree = "<group>";
		};
		CE6D47DD2BEF7B8E00CA2897 /* BroadCast */ = {
			isa = PBXGroup;
			children = (
			);
			path = BroadCast;
			sourceTree = "<group>";
		};
		CE6D47DE2BEF7BA100CA2897 /* Profile */ = {
			isa = PBXGroup;
			children = (
			);
			path = Profile;
			sourceTree = "<group>";
		};
		CE6D47E72BEF7CD800CA2897 /* Coordinators */ = {
			isa = PBXGroup;
			children = (
				CE85B60D2BE955AC00218394 /* ContentView.swift */,
				CE85B60B2BE955AC00218394 /* TimeShiftApp.swift */,
				CE6D47CE2BEF761200CA2897 /* MainTabBar.swift */,
			);
			path = Coordinators;
			sourceTree = "<group>";
		};
		CE85B5FF2BE955AC00218394 = {
			isa = PBXGroup;
			children = (
				CE85B60A2BE955AC00218394 /* TimeShift */,
				CE85B6092BE955AC00218394 /* Products */,
			);
			sourceTree = "<group>";
		};
		CE85B6092BE955AC00218394 /* Products */ = {
			isa = PBXGroup;
			children = (
				CE85B6082BE955AC00218394 /* TimeShift.app */,
			);
			name = Products;
			sourceTree = "<group>";
		};
		CE85B60A2BE955AC00218394 /* TimeShift */ = {
			isa = PBXGroup;
			children = (
				CE46039C2BF0AE30009233E6 /* BazarUiKit */,
				CE6D47E72BEF7CD800CA2897 /* Coordinators */,
				CE6D47D22BEF76C900CA2897 /* Model */,
				CE6D47D12BEF76AE00CA2897 /* ViewModel */,
				CE6D47D02BEF769300CA2897 /* View */,
				CE85B60F2BE955AE00218394 /* Assets.xcassets */,
				CE85B6112BE955AE00218394 /* Preview Content */,
			);
			path = TimeShift;
			sourceTree = "<group>";
		};
		CE85B6112BE955AE00218394 /* Preview Content */ = {
			isa = PBXGroup;
			children = (
				CE85B6122BE955AE00218394 /* Preview Assets.xcassets */,
			);
			path = "Preview Content";
			sourceTree = "<group>";
		};
/* End PBXGroup section */

/* Begin PBXNativeTarget section */
		CE85B6072BE955AC00218394 /* TimeShift */ = {
			isa = PBXNativeTarget;
			buildConfigurationList = CE85B6162BE955AE00218394 /* Build configuration list for PBXNativeTarget "TimeShift" */;
			buildPhases = (
				CE85B6042BE955AC00218394 /* Sources */,
				CE85B6052BE955AC00218394 /* Frameworks */,
				CE85B6062BE955AC00218394 /* Resources */,
			);
			buildRules = (
			);
			dependencies = (
			);
			name = TimeShift;
			productName = TimeShift;
			productReference = CE85B6082BE955AC00218394 /* TimeShift.app */;
			productType = "com.apple.product-type.application";
		};
/* End PBXNativeTarget section */

/* Begin PBXProject section */
		CE85B6002BE955AC00218394 /* Project object */ = {
			isa = PBXProject;
			attributes = {
				BuildIndependentTargetsInParallel = 1;
				LastSwiftUpdateCheck = 1400;
				LastUpgradeCheck = 1400;
				TargetAttributes = {
					CE85B6072BE955AC00218394 = {
						CreatedOnToolsVersion = 14.0.1;
					};
				};
			};
			buildConfigurationList = CE85B6032BE955AC00218394 /* Build configuration list for PBXProject "TimeShift" */;
			compatibilityVersion = "Xcode 14.0";
			developmentRegion = en;
			hasScannedForEncodings = 0;
			knownRegions = (
				en,
				Base,
			);
			mainGroup = CE85B5FF2BE955AC00218394;
			productRefGroup = CE85B6092BE955AC00218394 /* Products */;
			projectDirPath = "";
			projectRoot = "";
			targets = (
				CE85B6072BE955AC00218394 /* TimeShift */,
			);
		};
/* End PBXProject section */

/* Begin PBXResourcesBuildPhase section */
		CE85B6062BE955AC00218394 /* Resources */ = {
			isa = PBXResourcesBuildPhase;
			buildActionMask = 2147483647;
			files = (
				CE85B6132BE955AE00218394 /* Preview Assets.xcassets in Resources */,
				CE85B6102BE955AE00218394 /* Assets.xcassets in Resources */,
			);
			runOnlyForDeploymentPostprocessing = 0;
		};
/* End PBXResourcesBuildPhase section */

/* Begin PBXSourcesBuildPhase section */
		CE85B6042BE955AC00218394 /* Sources */ = {
			isa = PBXSourcesBuildPhase;
			buildActionMask = 2147483647;
			files = (
				CE6D47E02BEF7BED00CA2897 /* ProfileView.swift in Sources */,
				CE6D47E62BEF7C8100CA2897 /* HomeView.swift in Sources */,
				CE4603A02BF0AF89009233E6 /* TabBarButtons.swift in Sources */,
				CE6D47CF2BEF761200CA2897 /* MainTabBar.swift in Sources */,
				CE6D47E42BEF7C6200CA2897 /* BroadCastView.swift in Sources */,
				CE6D47E22BEF7C3700CA2897 /* ChatView.swift in Sources */,
				CE85B60E2BE955AC00218394 /* ContentView.swift in Sources */,
				CE85B60C2BE955AC00218394 /* TimeShiftApp.swift in Sources */,
			);
			runOnlyForDeploymentPostprocessing = 0;
		};
/* End PBXSourcesBuildPhase section */

/* Begin XCBuildConfiguration section */
		CE85B6142BE955AE00218394 /* Debug */ = {
			isa = XCBuildConfiguration;
			buildSettings = {
				ALWAYS_SEARCH_USER_PATHS = NO;
				CLANG_ANALYZER_NONNULL = YES;
				CLANG_ANALYZER_NUMBER_OBJECT_CONVERSION = YES_AGGRESSIVE;
				CLANG_CXX_LANGUAGE_STANDARD = "gnu++20";
				CLANG_ENABLE_MODULES = YES;
				CLANG_ENABLE_OBJC_ARC = YES;
				CLANG_ENABLE_OBJC_WEAK = YES;
				CLANG_WARN_BLOCK_CAPTURE_AUTORELEASING = YES;
				CLANG_WARN_BOOL_CONVERSION = YES;
				CLANG_WARN_COMMA = YES;
				CLANG_WARN_CONSTANT_CONVERSION = YES;
				CLANG_WARN_DEPRECATED_OBJC_IMPLEMENTATIONS = YES;
				CLANG_WARN_DIRECT_OBJC_ISA_USAGE = YES_ERROR;
				CLANG_WARN_DOCUMENTATION_COMMENTS = YES;
				CLANG_WARN_EMPTY_BODY = YES;
				CLANG_WARN_ENUM_CONVERSION = YES;
				CLANG_WARN_INFINITE_RECURSION = YES;
				CLANG_WARN_INT_CONVERSION = YES;
				CLANG_WARN_NON_LITERAL_NULL_CONVERSION = YES;
				CLANG_WARN_OBJC_IMPLICIT_RETAIN_SELF = YES;
				CLANG_WARN_OBJC_LITERAL_CONVERSION = YES;
				CLANG_WARN_OBJC_ROOT_CLASS = YES_ERROR;
				CLANG_WARN_QUOTED_INCLUDE_IN_FRAMEWORK_HEADER = YES;
				CLANG_WARN_RANGE_LOOP_ANALYSIS = YES;
				CLANG_WARN_STRICT_PROTOTYPES = YES;
				CLANG_WARN_SUSPICIOUS_MOVE = YES;
				CLANG_WARN_UNGUARDED_AVAILABILITY = YES_AGGRESSIVE;
				CLANG_WARN_UNREACHABLE_CODE = YES;
				CLANG_WARN__DUPLICATE_METHOD_MATCH = YES;
				COPY_PHASE_STRIP = NO;
				DEBUG_INFORMATION_FORMAT = dwarf;
				ENABLE_STRICT_OBJC_MSGSEND = YES;
				ENABLE_TESTABILITY = YES;
				GCC_C_LANGUAGE_STANDARD = gnu11;
				GCC_DYNAMIC_NO_PIC = NO;
				GCC_NO_COMMON_BLOCKS = YES;
				GCC_OPTIMIZATION_LEVEL = 0;
				GCC_PREPROCESSOR_DEFINITIONS = (
					"DEBUG=1",
					"$(inherited)",
				);
				GCC_WARN_64_TO_32_BIT_CONVERSION = YES;
				GCC_WARN_ABOUT_RETURN_TYPE = YES_ERROR;
				GCC_WARN_UNDECLARED_SELECTOR = YES;
				GCC_WARN_UNINITIALIZED_AUTOS = YES_AGGRESSIVE;
				GCC_WARN_UNUSED_FUNCTION = YES;
				GCC_WARN_UNUSED_VARIABLE = YES;
				IPHONEOS_DEPLOYMENT_TARGET = 16.0;
				MTL_ENABLE_DEBUG_INFO = INCLUDE_SOURCE;
				MTL_FAST_MATH = YES;
				ONLY_ACTIVE_ARCH = YES;
				SDKROOT = iphoneos;
				SWIFT_ACTIVE_COMPILATION_CONDITIONS = DEBUG;
				SWIFT_OPTIMIZATION_LEVEL = "-Onone";
			};
			name = Debug;
		};
		CE85B6152BE955AE00218394 /* Release */ = {
			isa = XCBuildConfiguration;
			buildSettings = {
				ALWAYS_SEARCH_USER_PATHS = NO;
				CLANG_ANALYZER_NONNULL = YES;
				CLANG_ANALYZER_NUMBER_OBJECT_CONVERSION = YES_AGGRESSIVE;
				CLANG_CXX_LANGUAGE_STANDARD = "gnu++20";
				CLANG_ENABLE_MODULES = YES;
				CLANG_ENABLE_OBJC_ARC = YES;
				CLANG_ENABLE_OBJC_WEAK = YES;
				CLANG_WARN_BLOCK_CAPTURE_AUTORELEASING = YES;
				CLANG_WARN_BOOL_CONVERSION = YES;
				CLANG_WARN_COMMA = YES;
				CLANG_WARN_CONSTANT_CONVERSION = YES;
				CLANG_WARN_DEPRECATED_OBJC_IMPLEMENTATIONS = YES;
				CLANG_WARN_DIRECT_OBJC_ISA_USAGE = YES_ERROR;
				CLANG_WARN_DOCUMENTATION_COMMENTS = YES;
				CLANG_WARN_EMPTY_BODY = YES;
				CLANG_WARN_ENUM_CONVERSION = YES;
				CLANG_WARN_INFINITE_RECURSION = YES;
				CLANG_WARN_INT_CONVERSION = YES;
				CLANG_WARN_NON_LITERAL_NULL_CONVERSION = YES;
				CLANG_WARN_OBJC_IMPLICIT_RETAIN_SELF = YES;
				CLANG_WARN_OBJC_LITERAL_CONVERSION = YES;
				CLANG_WARN_OBJC_ROOT_CLASS = YES_ERROR;
				CLANG_WARN_QUOTED_INCLUDE_IN_FRAMEWORK_HEADER = YES;
				CLANG_WARN_RANGE_LOOP_ANALYSIS = YES;
				CLANG_WARN_STRICT_PROTOTYPES = YES;
				CLANG_WARN_SUSPICIOUS_MOVE = YES;
				CLANG_WARN_UNGUARDED_AVAILABILITY = YES_AGGRESSIVE;
				CLANG_WARN_UNREACHABLE_CODE = YES;
				CLANG_WARN__DUPLICATE_METHOD_MATCH = YES;
				COPY_PHASE_STRIP = NO;
				DEBUG_INFORMATION_FORMAT = "dwarf-with-dsym";
				ENABLE_NS_ASSERTIONS = NO;
				ENABLE_STRICT_OBJC_MSGSEND = YES;
				GCC_C_LANGUAGE_STANDARD = gnu11;
				GCC_NO_COMMON_BLOCKS = YES;
				GCC_WARN_64_TO_32_BIT_CONVERSION = YES;
				GCC_WARN_ABOUT_RETURN_TYPE = YES_ERROR;
				GCC_WARN_UNDECLARED_SELECTOR = YES;
				GCC_WARN_UNINITIALIZED_AUTOS = YES_AGGRESSIVE;
				GCC_WARN_UNUSED_FUNCTION = YES;
				GCC_WARN_UNUSED_VARIABLE = YES;
				IPHONEOS_DEPLOYMENT_TARGET = 16.0;
				MTL_ENABLE_DEBUG_INFO = NO;
				MTL_FAST_MATH = YES;
				SDKROOT = iphoneos;
				SWIFT_COMPILATION_MODE = wholemodule;
				SWIFT_OPTIMIZATION_LEVEL = "-O";
				VALIDATE_PRODUCT = YES;
			};
			name = Release;
		};
		CE85B6172BE955AE00218394 /* Debug */ = {
			isa = XCBuildConfiguration;
			buildSettings = {
				ASSETCATALOG_COMPILER_APPICON_NAME = AppIcon;
				ASSETCATALOG_COMPILER_GLOBAL_ACCENT_COLOR_NAME = AccentColor;
				CODE_SIGN_STYLE = Automatic;
				CURRENT_PROJECT_VERSION = 1;
				DEVELOPMENT_ASSET_PATHS = "\"TimeShift/Preview Content\"";
				ENABLE_PREVIEWS = YES;
				GENERATE_INFOPLIST_FILE = YES;
				INFOPLIST_KEY_UIApplicationSceneManifest_Generation = YES;
				INFOPLIST_KEY_UIApplicationSupportsIndirectInputEvents = YES;
				INFOPLIST_KEY_UILaunchScreen_Generation = YES;
				INFOPLIST_KEY_UISupportedInterfaceOrientations_iPad = "UIInterfaceOrientationPortrait UIInterfaceOrientationPortraitUpsideDown UIInterfaceOrientationLandscapeLeft UIInterfaceOrientationLandscapeRight";
				INFOPLIST_KEY_UISupportedInterfaceOrientations_iPhone = "UIInterfaceOrientationPortrait UIInterfaceOrientationLandscapeLeft UIInterfaceOrientationLandscapeRight";
				LD_RUNPATH_SEARCH_PATHS = (
					"$(inherited)",
					"@executable_path/Frameworks",
				);
				MARKETING_VERSION = 1.0;
				PRODUCT_BUNDLE_IDENTIFIER = "com.Netology-IB-Instruments.TimeShift";
				PRODUCT_NAME = "$(TARGET_NAME)";
				SWIFT_EMIT_LOC_STRINGS = YES;
				SWIFT_VERSION = 5.0;
				TARGETED_DEVICE_FAMILY = "1,2";
			};
			name = Debug;
		};
		CE85B6182BE955AE00218394 /* Release */ = {
			isa = XCBuildConfiguration;
			buildSettings = {
				ASSETCATALOG_COMPILER_APPICON_NAME = AppIcon;
				ASSETCATALOG_COMPILER_GLOBAL_ACCENT_COLOR_NAME = AccentColor;
				CODE_SIGN_STYLE = Automatic;
				CURRENT_PROJECT_VERSION = 1;
				DEVELOPMENT_ASSET_PATHS = "\"TimeShift/Preview Content\"";
				ENABLE_PREVIEWS = YES;
				GENERATE_INFOPLIST_FILE = YES;
				INFOPLIST_KEY_UIApplicationSceneManifest_Generation = YES;
				INFOPLIST_KEY_UIApplicationSupportsIndirectInputEvents = YES;
				INFOPLIST_KEY_UILaunchScreen_Generation = YES;
				INFOPLIST_KEY_UISupportedInterfaceOrientations_iPad = "UIInterfaceOrientationPortrait UIInterfaceOrientationPortraitUpsideDown UIInterfaceOrientationLandscapeLeft UIInterfaceOrientationLandscapeRight";
				INFOPLIST_KEY_UISupportedInterfaceOrientations_iPhone = "UIInterfaceOrientationPortrait UIInterfaceOrientationLandscapeLeft UIInterfaceOrientationLandscapeRight";
				LD_RUNPATH_SEARCH_PATHS = (
					"$(inherited)",
					"@executable_path/Frameworks",
				);
				MARKETING_VERSION = 1.0;
				PRODUCT_BUNDLE_IDENTIFIER = "com.Netology-IB-Instruments.TimeShift";
				PRODUCT_NAME = "$(TARGET_NAME)";
				SWIFT_EMIT_LOC_STRINGS = YES;
				SWIFT_VERSION = 5.0;
				TARGETED_DEVICE_FAMILY = "1,2";
			};
			name = Release;
		};
/* End XCBuildConfiguration section */

/* Begin XCConfigurationList section */
		CE85B6032BE955AC00218394 /* Build configuration list for PBXProject "TimeShift" */ = {
			isa = XCConfigurationList;
			buildConfigurations = (
				CE85B6142BE955AE00218394 /* Debug */,
				CE85B6152BE955AE00218394 /* Release */,
			);
			defaultConfigurationIsVisible = 0;
			defaultConfigurationName = Release;
		};
		CE85B6162BE955AE00218394 /* Build configuration list for PBXNativeTarget "TimeShift" */ = {
			isa = XCConfigurationList;
			buildConfigurations = (
				CE85B6172BE955AE00218394 /* Debug */,
				CE85B6182BE955AE00218394 /* Release */,
			);
			defaultConfigurationIsVisible = 0;
			defaultConfigurationName = Release;
		};
/* End XCConfigurationList section */
	};
	rootObject = CE85B6002BE955AC00218394 /* Project object */;
}
